Microsoft Visual Studio Solution File, Format Version 12.00
# Visual Studio Version 17
VisualStudioVersion = 17.6.33712.159
MinimumVisualStudioVersion = 10.0.40219.1
Project("{FAE04EC0-301F-11D3-BF4B-00C04F79EFBC}") = "IO.Swagger", "src\IO.Swagger\IO.Swagger.csproj", "{6CC0F07B-C890-46F0-948D-1799BDABD89F}"
EndProject
Project("{FAE04EC0-301F-11D3-BF4B-00C04F79EFBC}") = "IO.Swagger.Test", "src\IO.Swagger.Test\IO.Swagger.Test.csproj", "{19F1DEBC-DE5E-4517-8062-F000CD499087}"
EndProject
Project("{9A19103F-16F7-4668-BE54-9A1E7A4F7556}") = "DoctorAppointment", "DoctorAppointment\DoctorAppointment.csproj", "{5A27E376-89BA-40F7-86DA-50EBD9C7757D}"
EndProject
Global
	GlobalSection(SolutionConfigurationPlatforms) = preSolution
		Debug|Any CPU = Debug|Any CPU
		Release|Any CPU = Release|Any CPU
	EndGlobalSection
	GlobalSection(ProjectConfigurationPlatforms) = postSolution
		{6CC0F07B-C890-46F0-948D-1799BDABD89F}.Debug|Any CPU.ActiveCfg = Debug|Any CPU
		{6CC0F07B-C890-46F0-948D-1799BDABD89F}.Debug|Any CPU.Build.0 = Debug|Any CPU
		{6CC0F07B-C890-46F0-948D-1799BDABD89F}.Release|Any CPU.ActiveCfg = Release|Any CPU
		{6CC0F07B-C890-46F0-948D-1799BDABD89F}.Release|Any CPU.Build.0 = Release|Any CPU
		{19F1DEBC-DE5E-4517-8062-F000CD499087}.Debug|Any CPU.ActiveCfg = Debug|Any CPU
		{19F1DEBC-DE5E-4517-8062-F000CD499087}.Debug|Any CPU.Build.0 = Debug|Any CPU
		{19F1DEBC-DE5E-4517-8062-F000CD499087}.Release|Any CPU.ActiveCfg = Release|Any CPU
		{19F1DEBC-DE5E-4517-8062-F000CD499087}.Release|Any CPU.Build.0 = Release|Any CPU
		{5A27E376-89BA-40F7-86DA-50EBD9C7757D}.Debug|Any CPU.ActiveCfg = Debug|Any CPU
		{5A27E376-89BA-40F7-86DA-50EBD9C7757D}.Debug|Any CPU.Build.0 = Debug|Any CPU
		{5A27E376-89BA-40F7-86DA-50EBD9C7757D}.Release|Any CPU.ActiveCfg = Release|Any CPU
		{5A27E376-89BA-40F7-86DA-50EBD9C7757D}.Release|Any CPU.Build.0 = Release|Any CPU
	EndGlobalSection
	GlobalSection(SolutionProperties) = preSolution
		HideSolutionNode = FALSE
	EndGlobalSection
EndGlobal
